
Microsoft Visual Studio Solution File, Format Version 12.00
# Visual Studio Version 16
VisualStudioVersion = 16.0.30204.135
MinimumVisualStudioVersion = 10.0.40219.1
Project("{9A19103F-16F7-4668-BE54-9A1E7A4F7556}") = "Turnoutt.Azure.ServiceBus.Core", "src\Turnoutt.Azure.ServiceBus.Core\Turnoutt.Azure.ServiceBus.Core.csproj", "{FE195D6B-C890-4156-9244-62E78570ECA4}"
EndProject
Project("{9A19103F-16F7-4668-BE54-9A1E7A4F7556}") = "Turnoutt.Azure.ServiceBus.Core.UnitTests", "test\Turnoutt.Azure.ServiceBus.Core.UnitTests\Turnoutt.Azure.ServiceBus.Core.UnitTests.csproj", "{D7FFC455-5C88-44A2-B9C0-9E0D5B9C5C3A}"
EndProject
Global
	GlobalSection(SolutionConfigurationPlatforms) = preSolution
		Debug|Any CPU = Debug|Any CPU
		Release|Any CPU = Release|Any CPU
	EndGlobalSection
	GlobalSection(ProjectConfigurationPlatforms) = postSolution
		{FE195D6B-C890-4156-9244-62E78570ECA4}.Debug|Any CPU.ActiveCfg = Debug|Any CPU
		{FE195D6B-C890-4156-9244-62E78570ECA4}.Debug|Any CPU.Build.0 = Debug|Any CPU
		{FE195D6B-C890-4156-9244-62E78570ECA4}.Release|Any CPU.ActiveCfg = Release|Any CPU
		{FE195D6B-C890-4156-9244-62E78570ECA4}.Release|Any CPU.Build.0 = Release|Any CPU
		{D7FFC455-5C88-44A2-B9C0-9E0D5B9C5C3A}.Debug|Any CPU.ActiveCfg = Debug|Any CPU
		{D7FFC455-5C88-44A2-B9C0-9E0D5B9C5C3A}.Debug|Any CPU.Build.0 = Debug|Any CPU
		{D7FFC455-5C88-44A2-B9C0-9E0D5B9C5C3A}.Release|Any CPU.ActiveCfg = Release|Any CPU
		{D7FFC455-5C88-44A2-B9C0-9E0D5B9C5C3A}.Release|Any CPU.Build.0 = Release|Any CPU
	EndGlobalSection
	GlobalSection(SolutionProperties) = preSolution
		HideSolutionNode = FALSE
	EndGlobalSection
	GlobalSection(ExtensibilityGlobals) = postSolution
		SolutionGuid = {907FC507-F5EE-4EE1-ABFA-9104F86FD23F}
	EndGlobalSection
EndGlobal
