
Microsoft Visual Studio Solution File, Format Version 12.00
# Visual Studio Version 16
VisualStudioVersion = 16.0.30204.135
MinimumVisualStudioVersion = 10.0.40219.1
Project("{FAE04EC0-301F-11D3-BF4B-00C04F79EFBC}") = "Turnoutt.Azure.ServiceBus.Core", "Turnoutt.Azure.ServiceBus.Core\Turnoutt.Azure.ServiceBus.Core.csproj", "{8AB05221-2274-4005-BBCF-BC1C67F36FD7}"
EndProject
Project("{FAE04EC0-301F-11D3-BF4B-00C04F79EFBC}") = "Turnoutt.Azure.ServiceBus.Core.UnitTests", "..\test\Turnoutt.Azure.ServiceBus.Core.UnitTests\Turnoutt.Azure.ServiceBus.Core.UnitTests.csproj", "{61D95745-8454-434D-8E7F-064FA141FE32}"
EndProject
Global
	GlobalSection(SolutionConfigurationPlatforms) = preSolution
		Debug|Any CPU = Debug|Any CPU
		Release|Any CPU = Release|Any CPU
	EndGlobalSection
	GlobalSection(ProjectConfigurationPlatforms) = postSolution
		{8AB05221-2274-4005-BBCF-BC1C67F36FD7}.Debug|Any CPU.ActiveCfg = Debug|Any CPU
		{8AB05221-2274-4005-BBCF-BC1C67F36FD7}.Debug|Any CPU.Build.0 = Debug|Any CPU
		{8AB05221-2274-4005-BBCF-BC1C67F36FD7}.Release|Any CPU.ActiveCfg = Release|Any CPU
		{8AB05221-2274-4005-BBCF-BC1C67F36FD7}.Release|Any CPU.Build.0 = Release|Any CPU
		{61D95745-8454-434D-8E7F-064FA141FE32}.Debug|Any CPU.ActiveCfg = Debug|Any CPU
		{61D95745-8454-434D-8E7F-064FA141FE32}.Debug|Any CPU.Build.0 = Debug|Any CPU
		{61D95745-8454-434D-8E7F-064FA141FE32}.Release|Any CPU.ActiveCfg = Release|Any CPU
		{61D95745-8454-434D-8E7F-064FA141FE32}.Release|Any CPU.Build.0 = Release|Any CPU
	EndGlobalSection
	GlobalSection(SolutionProperties) = preSolution
		HideSolutionNode = FALSE
	EndGlobalSection
	GlobalSection(ExtensibilityGlobals) = postSolution
		SolutionGuid = {907FC507-F5EE-4EE1-ABFA-9104F86FD23F}
	EndGlobalSection
EndGlobal
